github.com/cristalhq/base64 v0.1.2 h1:edsefYyYDiac7Ytdh2xdaiiSSJzcI2f0yIkdGEf1qY0=
github.com/cristalhq/base64 v0.1.2/go.mod h1:sy4+2Hale2KbtSqkzpdMeYTP/IrB+HCvxVHWsh2VSYk=
github.com/emmansun/base64 v0.6.2 h1:Qd/W1hAs9kzcWmBozAOhlxFrjnZQR2dBN4og7WMInFs=
github.com/emmansun/base64 v0.6.2/go.mod h1:EjgM1HylRQjG1oaIMsF6+CzHsBCrTBm36890foTOELY=
github.com/go-asmgen/asmgen v0.4.0 h1:LCAixrI4dR1/M76Z6G8l0es+lWAL7FWjvWHFkLAOjWI=
github.com/go-asmgen/asmgen v0.4.0/go.mod h1:IibpkV28/y0oiVlG8IzKvXXQ6aYBTPzDZw8X+cBNXNU=
golang.org/x/sys v0.28.0 h1:Fksou7UEQUWlKvIdsqzJmUmCX3cZuD2+P3XyyzwMhlA=
golang.org/x/sys v0.28.0/go.mod h1:/VUhepiaJMQUp4+oa/7Zr1D23ma6VTLIYjOOTFZPUcA=
golang.org/x/sys v0.46.0 h1:noSf2Fq6F8DBgS+LysIkx7rIExoNHJsxOAtPp4rthXw=
golang.org/x/sys v0.46.0/go.mod h1:4GL1E5IUh+htKOUEOaiffhrAeqysfVGipDYzABqnCmw=
